
Microsoft Visual Studio Solution File, Format Version 12.00
# Visual Studio Version 17
VisualStudioVersion = 17.12.35527.113 d17.12
MinimumVisualStudioVersion = 10.0.40219.1
Project("{FAE04EC0-301F-11D3-BF4B-00C04F79EFBC}") = "Analyzer1", "Analyzer1\Analyzer1\Analyzer1.csproj", "{3C777DF6-78E8-4922-B022-44B7AD70E218}"
EndProject
Project("{FAE04EC0-301F-11D3-BF4B-00C04F79EFBC}") = "Analyzer1.CodeFixes", "Analyzer1\Analyzer1.CodeFixes\Analyzer1.CodeFixes.csproj", "{2B377254-7F76-45BF-8D8B-7E1298C1A79C}"
EndProject
Project("{FAE04EC0-301F-11D3-BF4B-00C04F79EFBC}") = "Analyzer1.Test", "Analyzer1\Analyzer1.Test\Analyzer1.Test.csproj", "{A0E1B6E2-5B5E-4190-893F-95858DEA5C95}"
EndProject
Global
	GlobalSection(SolutionConfigurationPlatforms) = preSolution
		Debug|Any CPU = Debug|Any CPU
		Release|Any CPU = Release|Any CPU
	EndGlobalSection
	GlobalSection(ProjectConfigurationPlatforms) = postSolution
		{3C777DF6-78E8-4922-B022-44B7AD70E218}.Debug|Any CPU.ActiveCfg = Debug|Any CPU
		{3C777DF6-78E8-4922-B022-44B7AD70E218}.Debug|Any CPU.Build.0 = Debug|Any CPU
		{3C777DF6-78E8-4922-B022-44B7AD70E218}.Release|Any CPU.ActiveCfg = Release|Any CPU
		{3C777DF6-78E8-4922-B022-44B7AD70E218}.Release|Any CPU.Build.0 = Release|Any CPU
		{2B377254-7F76-45BF-8D8B-7E1298C1A79C}.Debug|Any CPU.ActiveCfg = Debug|Any CPU
		{2B377254-7F76-45BF-8D8B-7E1298C1A79C}.Debug|Any CPU.Build.0 = Debug|Any CPU
		{2B377254-7F76-45BF-8D8B-7E1298C1A79C}.Release|Any CPU.ActiveCfg = Release|Any CPU
		{2B377254-7F76-45BF-8D8B-7E1298C1A79C}.Release|Any CPU.Build.0 = Release|Any CPU
		{A0E1B6E2-5B5E-4190-893F-95858DEA5C95}.Debug|Any CPU.ActiveCfg = Debug|Any CPU
		{A0E1B6E2-5B5E-4190-893F-95858DEA5C95}.Debug|Any CPU.Build.0 = Debug|Any CPU
		{A0E1B6E2-5B5E-4190-893F-95858DEA5C95}.Release|Any CPU.ActiveCfg = Release|Any CPU
		{A0E1B6E2-5B5E-4190-893F-95858DEA5C95}.Release|Any CPU.Build.0 = Release|Any CPU
	EndGlobalSection
	GlobalSection(SolutionProperties) = preSolution
		HideSolutionNode = FALSE
	EndGlobalSection
EndGlobal
